// !$*UTF8*$!
{
	archiveVersion = 1;
	classes = {
	};
	objectVersion = 48;
	objects = {

/* Begin PBXBuildFile section */
		1909F90C1F5EB81C005D53EA /* qnaViewController.swift in Sources */ = {isa = PBXBuildFile; fileRef = 1909F90B1F5EB81C005D53EA /* qnaViewController.swift */; };
		195FC0081F5E67CC00A83AA8 /* AppDelegate.swift in Sources */ = {isa = PBXBuildFile; fileRef = 195FC0071F5E67CC00A83AA8 /* AppDelegate.swift */; };
		195FC00A1F5E67CC00A83AA8 /* ViewController.swift in Sources */ = {isa = PBXBuildFile; fileRef = 195FC0091F5E67CC00A83AA8 /* ViewController.swift */; };
		195FC00D1F5E67CC00A83AA8 /* Main.storyboard in Resources */ = {isa = PBXBuildFile; fileRef = 195FC00B1F5E67CC00A83AA8 /* Main.storyboard */; };
		195FC00F1F5E67CC00A83AA8 /* Assets.xcassets in Resources */ = {isa = PBXBuildFile; fileRef = 195FC00E1F5E67CC00A83AA8 /* Assets.xcassets */; };
		195FC0121F5E67CC00A83AA8 /* LaunchScreen.storyboard in Resources */ = {isa = PBXBuildFile; fileRef = 195FC0101F5E67CC00A83AA8 /* LaunchScreen.storyboard */; };
		195FC01D1F5E67CC00A83AA8 /* qnaeasyAppTests.swift in Sources */ = {isa = PBXBuildFile; fileRef = 195FC01C1F5E67CC00A83AA8 /* qnaeasyAppTests.swift */; };
		195FC0281F5E67CC00A83AA8 /* qnaeasyAppUITests.swift in Sources */ = {isa = PBXBuildFile; fileRef = 195FC0271F5E67CC00A83AA8 /* qnaeasyAppUITests.swift */; };
		195FC0381F5E69EA00A83AA8 /* struct.swift in Sources */ = {isa = PBXBuildFile; fileRef = 195FC0371F5E69EA00A83AA8 /* struct.swift */; };
		197BA4431F5EDB71007EC109 /* ResultViewController.swift in Sources */ = {isa = PBXBuildFile; fileRef = 197BA4421F5EDB71007EC109 /* ResultViewController.swift */; };
/* End PBXBuildFile section */

/* Begin PBXContainerItemProxy section */
		195FC0191F5E67CC00A83AA8 /* PBXContainerItemProxy */ = {
			isa = PBXContainerItemProxy;
			containerPortal = 195FBFFC1F5E67CC00A83AA8 /* Project object */;
			proxyType = 1;
			remoteGlobalIDString = 195FC0031F5E67CC00A83AA8;
			remoteInfo = qnaeasyApp;
		};
		195FC0241F5E67CC00A83AA8 /* PBXContainerItemProxy */ = {
			isa = PBXContainerItemProxy;
			containerPortal = 195FBFFC1F5E67CC00A83AA8 /* Project object */;
			proxyType = 1;
			remoteGlobalIDString = 195FC0031F5E67CC00A83AA8;
			remoteInfo = qnaeasyApp;
		};
/* End PBXContainerItemProxy section */

/* Begin PBXFileReference section */
		1909F90B1F5EB81C005D53EA /* qnaViewController.swift */ = {isa = PBXFileReference; lastKnownFileType = sourcecode.swift; path = qnaViewController.swift; sourceTree = "<group>"; };
		195FC0041F5E67CC00A83AA8 /* qnaeasyApp.app */ = {isa = PBXFileReference; explicitFileType = wrapper.application; includeInIndex = 0; path = qnaeasyApp.app; sourceTree = BUILT_PRODUCTS_DIR; };
		195FC0071F5E67CC00A83AA8 /* AppDelegate.swift */ = {isa = PBXFileReference; lastKnownFileType = sourcecode.swift; path = AppDelegate.swift; sourceTree = "<group>"; };
		195FC0091F5E67CC00A83AA8 /* ViewController.swift */ = {isa = PBXFileReference; lastKnownFileType = sourcecode.swift; path = ViewController.swift; sourceTree = "<group>"; };
		195FC00C1F5E67CC00A83AA8 /* Base */ = {isa = PBXFileReference; lastKnownFileType = file.storyboard; name = Base; path = Base.lproj/Main.storyboard; sourceTree = "<group>"; };
		195FC00E1F5E67CC00A83AA8 /* Assets.xcassets */ = {isa = PBXFileReference; lastKnownFileType = folder.assetcatalog; path = Assets.xcassets; sourceTree = "<group>"; };
		195FC0111F5E67CC00A83AA8 /* Base */ = {isa = PBXFileReference; lastKnownFileType = file.storyboard; name = Base; path = Base.lproj/LaunchScreen.storyboard; sourceTree = "<group>"; };
		195FC0131F5E67CC00A83AA8 /* Info.plist */ = {isa = PBXFileReference; lastKnownFileType = text.plist.xml; path = Info.plist; sourceTree = "<group>"; };
		195FC0181F5E67CC00A83AA8 /* qnaeasyAppTests.xctest */ = {isa = PBXFileReference; explicitFileType = wrapper.cfbundle; includeInIndex = 0; path = qnaeasyAppTests.xctest; sourceTree = BUILT_PRODUCTS_DIR; };
		195FC01C1F5E67CC00A83AA8 /* qnaeasyAppTests.swift */ = {isa = PBXFileReference; lastKnownFileType = sourcecode.swift; path = qnaeasyAppTests.swift; sourceTree = "<group>"; };
		195FC01E1F5E67CC00A83AA8 /* Info.plist */ = {isa = PBXFileReference; lastKnownFileType = text.plist.xml; path = Info.plist; sourceTree = "<group>"; };
		195FC0231F5E67CC00A83AA8 /* qnaeasyAppUITests.xctest */ = {isa = PBXFileReference; explicitFileType = wrapper.cfbundle; includeInIndex = 0; path = qnaeasyAppUITests.xctest; sourceTree = BUILT_PRODUCTS_DIR; };
		195FC0271F5E67CC00A83AA8 /* qnaeasyAppUITests.swift */ = {isa = PBXFileReference; lastKnownFileType = sourcecode.swift; path = qnaeasyAppUITests.swift; sourceTree = "<group>"; };
		195FC0291F5E67CC00A83AA8 /* Info.plist */ = {isa = PBXFileReference; lastKnownFileType = text.plist.xml; path = Info.plist; sourceTree = "<group>"; };
		195FC0371F5E69EA00A83AA8 /* struct.swift */ = {isa = PBXFileReference; lastKnownFileType = sourcecode.swift; path = struct.swift; sourceTree = "<group>"; };
		197BA4421F5EDB71007EC109 /* ResultViewController.swift */ = {isa = PBXFileReference; lastKnownFileType = sourcecode.swift; path = ResultViewController.swift; sourceTree = "<group>"; };
/* End PBXFileReference section */

/* Begin PBXFrameworksBuildPhase section */
		195FC0011F5E67CC00A83AA8 /* Frameworks */ = {
			isa = PBXFrameworksBuildPhase;
			buildActionMask = 2147483647;
			files = (
			);
			runOnlyForDeploymentPostprocessing = 0;
		};
		195FC0151F5E67CC00A83AA8 /* Frameworks */ = {
			isa = PBXFrameworksBuildPhase;
			buildActionMask = 2147483647;
			files = (
			);
			runOnlyForDeploymentPostprocessing = 0;
		};
		195FC0201F5E67CC00A83AA8 /* Frameworks */ = {
			isa = PBXFrameworksBuildPhase;
			buildActionMask = 2147483647;
			files = (
			);
			runOnlyForDeploymentPostprocessing = 0;
		};
/* End PBXFrameworksBuildPhase section */

/* Begin PBXGroup section */
		195FBFFB1F5E67CC00A83AA8 = {
			isa = PBXGroup;
			children = (
				195FC0061F5E67CC00A83AA8 /* qnaeasyApp */,
				195FC01B1F5E67CC00A83AA8 /* qnaeasyAppTests */,
				195FC0261F5E67CC00A83AA8 /* qnaeasyAppUITests */,
				195FC0051F5E67CC00A83AA8 /* Products */,
			);
			sourceTree = "<group>";
		};
		195FC0051F5E67CC00A83AA8 /* Products */ = {
			isa = PBXGroup;
			children = (
				195FC0041F5E67CC00A83AA8 /* qnaeasyApp.app */,
				195FC0181F5E67CC00A83AA8 /* qnaeasyAppTests.xctest */,
				195FC0231F5E67CC00A83AA8 /* qnaeasyAppUITests.xctest */,
			);
			name = Products;
			sourceTree = "<group>";
		};
		195FC0061F5E67CC00A83AA8 /* qnaeasyApp */ = {
			isa = PBXGroup;
			children = (
				195FC0071F5E67CC00A83AA8 /* AppDelegate.swift */,
				195FC0091F5E67CC00A83AA8 /* ViewController.swift */,
				1909F90B1F5EB81C005D53EA /* qnaViewController.swift */,
				195FC00B1F5E67CC00A83AA8 /* Main.storyboard */,
				197BA4421F5EDB71007EC109 /* ResultViewController.swift */,
				195FC0371F5E69EA00A83AA8 /* struct.swift */,
				195FC00E1F5E67CC00A83AA8 /* Assets.xcassets */,
				195FC0101F5E67CC00A83AA8 /* LaunchScreen.storyboard */,
				195FC0131F5E67CC00A83AA8 /* Info.plist */,
			);
			path = qnaeasyApp;
			sourceTree = "<group>";
		};
		195FC01B1F5E67CC00A83AA8 /* qnaeasyAppTests */ = {
			isa = PBXGroup;
			children = (
				195FC01C1F5E67CC00A83AA8 /* qnaeasyAppTests.swift */,
				195FC01E1F5E67CC00A83AA8 /* Info.plist */,
			);
			path = qnaeasyAppTests;
			sourceTree = "<group>";
		};
		195FC0261F5E67CC00A83AA8 /* qnaeasyAppUITests */ = {
			isa = PBXGroup;
			children = (
				195FC0271F5E67CC00A83AA8 /* qnaeasyAppUITests.swift */,
				195FC0291F5E67CC00A83AA8 /* Info.plist */,
			);
			path = qnaeasyAppUITests;
			sourceTree = "<group>";
		};
/* End PBXGroup section */

/* Begin PBXNativeTarget section */
		195FC0031F5E67CC00A83AA8 /* qnaeasyApp */ = {
			isa = PBXNativeTarget;
			buildConfigurationList = 195FC02C1F5E67CC00A83AA8 /* Build configuration list for PBXNativeTarget "qnaeasyApp" */;
			buildPhases = (
				195FC0001F5E67CC00A83AA8 /* Sources */,
				195FC0011F5E67CC00A83AA8 /* Frameworks */,
				195FC0021F5E67CC00A83AA8 /* Resources */,
			);
			buildRules = (
			);
			dependencies = (
			);
			name = qnaeasyApp;
			productName = qnaeasyApp;
			productReference = 195FC0041F5E67CC00A83AA8 /* qnaeasyApp.app */;
			productType = "com.apple.product-type.application";
		};
		195FC0171F5E67CC00A83AA8 /* qnaeasyAppTests */ = {
			isa = PBXNativeTarget;
			buildConfigurationList = 195FC02F1F5E67CC00A83AA8 /* Build configuration list for PBXNativeTarget "qnaeasyAppTests" */;
			buildPhases = (
				195FC0141F5E67CC00A83AA8 /* Sources */,
				195FC0151F5E67CC00A83AA8 /* Frameworks */,
				195FC0161F5E67CC00A83AA8 /* Resources */,
			);
			buildRules = (
			);
			dependencies = (
				195FC01A1F5E67CC00A83AA8 /* PBXTargetDependency */,
			);
			name = qnaeasyAppTests;
			productName = qnaeasyAppTests;
			productReference = 195FC0181F5E67CC00A83AA8 /* qnaeasyAppTests.xctest */;
			productType = "com.apple.product-type.bundle.unit-test";
		};
		195FC0221F5E67CC00A83AA8 /* qnaeasyAppUITests */ = {
			isa = PBXNativeTarget;
			buildConfigurationList = 195FC0321F5E67CC00A83AA8 /* Build configuration list for PBXNativeTarget "qnaeasyAppUITests" */;
			buildPhases = (
				195FC01F1F5E67CC00A83AA8 /* Sources */,
				195FC0201F5E67CC00A83AA8 /* Frameworks */,
				195FC0211F5E67CC00A83AA8 /* Resources */,
			);
			buildRules = (
			);
			dependencies = (
				195FC0251F5E67CC00A83AA8 /* PBXTargetDependency */,
			);
			name = qnaeasyAppUITests;
			productName = qnaeasyAppUITests;
			productReference = 195FC0231F5E67CC00A83AA8 /* qnaeasyAppUITests.xctest */;
			productType = "com.apple.product-type.bundle.ui-testing";
		};
/* End PBXNativeTarget section */

/* Begin PBXProject section */
		195FBFFC1F5E67CC00A83AA8 /* Project object */ = {
			isa = PBXProject;
			attributes = {
				LastSwiftUpdateCheck = 0900;
				LastUpgradeCheck = 0900;
				ORGANIZATIONNAME = "Huang Hao";
				TargetAttributes = {
					195FC0031F5E67CC00A83AA8 = {
						CreatedOnToolsVersion = 9.0;
						ProvisioningStyle = Automatic;
					};
					195FC0171F5E67CC00A83AA8 = {
						CreatedOnToolsVersion = 9.0;
						ProvisioningStyle = Automatic;
						TestTargetID = 195FC0031F5E67CC00A83AA8;
					};
					195FC0221F5E67CC00A83AA8 = {
						CreatedOnToolsVersion = 9.0;
						ProvisioningStyle = Automatic;
						TestTargetID = 195FC0031F5E67CC00A83AA8;
					};
				};
			};
			buildConfigurationList = 195FBFFF1F5E67CC00A83AA8 /* Build configuration list for PBXProject "qnaeasyApp" */;
			compatibilityVersion = "Xcode 8.0";
			developmentRegion = en;
			hasScannedForEncodings = 0;
			knownRegions = (
				en,
				Base,
			);
			mainGroup = 195FBFFB1F5E67CC00A83AA8;
			productRefGroup = 195FC0051F5E67CC00A83AA8 /* Products */;
			projectDirPath = "";
			projectRoot = "";
			targets = (
				195FC0031F5E67CC00A83AA8 /* qnaeasyApp */,
				195FC0171F5E67CC00A83AA8 /* qnaeasyAppTests */,
				195FC0221F5E67CC00A83AA8 /* qnaeasyAppUITests */,
			);
		};
/* End PBXProject section */

/* Begin PBXResourcesBuildPhase section */
		195FC0021F5E67CC00A83AA8 /* Resources */ = {
			isa = PBXResourcesBuildPhase;
			buildActionMask = 2147483647;
			files = (
				195FC0121F5E67CC00A83AA8 /* LaunchScreen.storyboard in Resources */,
				195FC00F1F5E67CC00A83AA8 /* Assets.xcassets in Resources */,
				195FC00D1F5E67CC00A83AA8 /* Main.storyboard in Resources */,
			);
			runOnlyForDeploymentPostprocessing = 0;
		};
		195FC0161F5E67CC00A83AA8 /* Resources */ = {
			isa = PBXResourcesBuildPhase;
			buildActionMask = 2147483647;
			files = (
			);
			runOnlyForDeploymentPostprocessing = 0;
		};
		195FC0211F5E67CC00A83AA8 /* Resources */ = {
			isa = PBXResourcesBuildPhase;
			buildActionMask = 2147483647;
			files = (
			);
			runOnlyForDeploymentPostprocessing = 0;
		};
/* End PBXResourcesBuildPhase section */

/* Begin PBXSourcesBuildPhase section */
		195FC0001F5E67CC00A83AA8 /* Sources */ = {
			isa = PBXSourcesBuildPhase;
			buildActionMask = 2147483647;
			files = (
				197BA4431F5EDB71007EC109 /* ResultViewController.swift in Sources */,
				195FC0381F5E69EA00A83AA8 /* struct.swift in Sources */,
				1909F90C1F5EB81C005D53EA /* qnaViewController.swift in Sources */,
				195FC00A1F5E67CC00A83AA8 /* ViewController.swift in Sources */,
				195FC0081F5E67CC00A83AA8 /* AppDelegate.swift in Sources */,
			);
			runOnlyForDeploymentPostprocessing = 0;
		};
		195FC0141F5E67CC00A83AA8 /* Sources */ = {
			isa = PBXSourcesBuildPhase;
			buildActionMask = 2147483647;
			files = (
				195FC01D1F5E67CC00A83AA8 /* qnaeasyAppTests.swift in Sources */,
			);
			runOnlyForDeploymentPostprocessing = 0;
		};
		195FC01F1F5E67CC00A83AA8 /* Sources */ = {
			isa = PBXSourcesBuildPhase;
			buildActionMask = 2147483647;
			files = (
				195FC0281F5E67CC00A83AA8 /* qnaeasyAppUITests.swift in Sources */,
			);
			runOnlyForDeploymentPostprocessing = 0;
		};
/* End PBXSourcesBuildPhase section */

/* Begin PBXTargetDependency section */
		195FC01A1F5E67CC00A83AA8 /* PBXTargetDependency */ = {
			isa = PBXTargetDependency;
			target = 195FC0031F5E67CC00A83AA8 /* qnaeasyApp */;
			targetProxy = 195FC0191F5E67CC00A83AA8 /* PBXContainerItemProxy */;
		};
		195FC0251F5E67CC00A83AA8 /* PBXTargetDependency */ = {
			isa = PBXTargetDependency;
			target = 195FC0031F5E67CC00A83AA8 /* qnaeasyApp */;
			targetProxy = 195FC0241F5E67CC00A83AA8 /* PBXContainerItemProxy */;
		};
/* End PBXTargetDependency section */

/* Begin PBXVariantGroup section */
		195FC00B1F5E67CC00A83AA8 /* Main.storyboard */ = {
			isa = PBXVariantGroup;
			children = (
				195FC00C1F5E67CC00A83AA8 /* Base */,
			);
			name = Main.storyboard;
			sourceTree = "<group>";
		};
		195FC0101F5E67CC00A83AA8 /* LaunchScreen.storyboard */ = {
			isa = PBXVariantGroup;
			children = (
				195FC0111F5E67CC00A83AA8 /* Base */,
			);
			name = LaunchScreen.storyboard;
			sourceTree = "<group>";
		};
/* End PBXVariantGroup section */

/* Begin XCBuildConfiguration section */
		195FC02A1F5E67CC00A83AA8 /* Debug */ = {
			isa = XCBuildConfiguration;
			buildSettings = {
				ALWAYS_SEARCH_USER_PATHS = NO;
				CLANG_ANALYZER_NONNULL = YES;
				CLANG_ANALYZER_NUMBER_OBJECT_CONVERSION = YES_AGGRESSIVE;
				CLANG_CXX_LANGUAGE_STANDARD = "gnu++14";
				CLANG_CXX_LIBRARY = "libc++";
				CLANG_ENABLE_MODULES = YES;
				CLANG_ENABLE_OBJC_ARC = YES;
				CLANG_WARN_BLOCK_CAPTURE_AUTORELEASING = YES;
				CLANG_WARN_BOOL_CONVERSION = YES;
				CLANG_WARN_COMMA = YES;
				CLANG_WARN_CONSTANT_CONVERSION = YES;
				CLANG_WARN_DIRECT_OBJC_ISA_USAGE = YES_ERROR;
				CLANG_WARN_DOCUMENTATION_COMMENTS = YES;
				CLANG_WARN_EMPTY_BODY = YES;
				CLANG_WARN_ENUM_CONVERSION = YES;
				CLANG_WARN_INFINITE_RECURSION = YES;
				CLANG_WARN_INT_CONVERSION = YES;
				CLANG_WARN_NON_LITERAL_NULL_CONVERSION = YES;
				CLANG_WARN_OBJC_LITERAL_CONVERSION = YES;
				CLANG_WARN_OBJC_ROOT_CLASS = YES_ERROR;
				CLANG_WARN_RANGE_LOOP_ANALYSIS = YES;
				CLANG_WARN_STRICT_PROTOTYPES = YES;
				CLANG_WARN_SUSPICIOUS_MOVE = YES;
				CLANG_WARN_UNGUARDED_AVAILABILITY = YES_AGGRESSIVE;
				CLANG_WARN_UNREACHABLE_CODE = YES;
				CLANG_WARN__DUPLICATE_METHOD_MATCH = YES;
				CODE_SIGN_IDENTITY = "iPhone Developer";
				COPY_PHASE_STRIP = NO;
				DEBUG_INFORMATION_FORMAT = dwarf;
				ENABLE_STRICT_OBJC_MSGSEND = YES;
				ENABLE_TESTABILITY = YES;
				GCC_C_LANGUAGE_STANDARD = gnu11;
				GCC_DYNAMIC_NO_PIC = NO;
				GCC_NO_COMMON_BLOCKS = YES;
				GCC_OPTIMIZATION_LEVEL = 0;
				GCC_PREPROCESSOR_DEFINITIONS = (
					"DEBUG=1",
					"$(inherited)",
				);
				GCC_WARN_64_TO_32_BIT_CONVERSION = YES;
				GCC_WARN_ABOUT_RETURN_TYPE = YES_ERROR;
				GCC_WARN_UNDECLARED_SELECTOR = YES;
				GCC_WARN_UNINITIALIZED_AUTOS = YES_AGGRESSIVE;
				GCC_WARN_UNUSED_FUNCTION = YES;
				GCC_WARN_UNUSED_VARIABLE = YES;
				IPHONEOS_DEPLOYMENT_TARGET = 11.0;
				MTL_ENABLE_DEBUG_INFO = YES;
				ONLY_ACTIVE_ARCH = YES;
				SDKROOT = iphoneos;
				SWIFT_ACTIVE_COMPILATION_CONDITIONS = DEBUG;
				SWIFT_OPTIMIZATION_LEVEL = "-Onone";
			};
			name = Debug;
		};
		195FC02B1F5E67CC00A83AA8 /* Release */ = {
			isa = XCBuildConfiguration;
			buildSettings = {
				ALWAYS_SEARCH_USER_PATHS = NO;
				CLANG_ANALYZER_NONNULL = YES;
				CLANG_ANALYZER_NUMBER_OBJECT_CONVERSION = YES_AGGRESSIVE;
				CLANG_CXX_LANGUAGE_STANDARD = "gnu++14";
				CLANG_CXX_LIBRARY = "libc++";
				CLANG_ENABLE_MODULES = YES;
				CLANG_ENABLE_OBJC_ARC = YES;
				CLANG_WARN_BLOCK_CAPTURE_AUTORELEASING = YES;
				CLANG_WARN_BOOL_CONVERSION = YES;
				CLANG_WARN_COMMA = YES;
				CLANG_WARN_CONSTANT_CONVERSION = YES;
				CLANG_WARN_DIRECT_OBJC_ISA_USAGE = YES_ERROR;
				CLANG_WARN_DOCUMENTATION_COMMENTS = YES;
				CLANG_WARN_EMPTY_BODY = YES;
				CLANG_WARN_ENUM_CONVERSION = YES;
				CLANG_WARN_INFINITE_RECURSION = YES;
				CLANG_WARN_INT_CONVERSION = YES;
				CLANG_WARN_NON_LITERAL_NULL_CONVERSION = YES;
				CLANG_WARN_OBJC_LITERAL_CONVERSION = YES;
				CLANG_WARN_OBJC_ROOT_CLASS = YES_ERROR;
				CLANG_WARN_RANGE_LOOP_ANALYSIS = YES;
				CLANG_WARN_STRICT_PROTOTYPES = YES;
				CLANG_WARN_SUSPICIOUS_MOVE = YES;
				CLANG_WARN_UNGUARDED_AVAILABILITY = YES_AGGRESSIVE;
				CLANG_WARN_UNREACHABLE_CODE = YES;
				CLANG_WARN__DUPLICATE_METHOD_MATCH = YES;
				CODE_SIGN_IDENTITY = "iPhone Developer";
				COPY_PHASE_STRIP = NO;
				DEBUG_INFORMATION_FORMAT = "dwarf-with-dsym";
				ENABLE_NS_ASSERTIONS = NO;
				ENABLE_STRICT_OBJC_MSGSEND = YES;
				GCC_C_LANGUAGE_STANDARD = gnu11;
				GCC_NO_COMMON_BLOCKS = YES;
				GCC_WARN_64_TO_32_BIT_CONVERSION = YES;
				GCC_WARN_ABOUT_RETURN_TYPE = YES_ERROR;
				GCC_WARN_UNDECLARED_SELECTOR = YES;
				GCC_WARN_UNINITIALIZED_AUTOS = YES_AGGRESSIVE;
				GCC_WARN_UNUSED_FUNCTION = YES;
				GCC_WARN_UNUSED_VARIABLE = YES;
				IPHONEOS_DEPLOYMENT_TARGET = 11.0;
				MTL_ENABLE_DEBUG_INFO = NO;
				SDKROOT = iphoneos;
				SWIFT_OPTIMIZATION_LEVEL = "-Owholemodule";
				VALIDATE_PRODUCT = YES;
			};
			name = Release;
		};
		195FC02D1F5E67CC00A83AA8 /* Debug */ = {
			isa = XCBuildConfiguration;
			buildSettings = {
				ASSETCATALOG_COMPILER_APPICON_NAME = AppIcon;
				CODE_SIGN_STYLE = Automatic;
				DEVELOPMENT_TEAM = 2MFNG897SQ;
				INFOPLIST_FILE = qnaeasyApp/Info.plist;
				LD_RUNPATH_SEARCH_PATHS = "$(inherited) @executable_path/Frameworks";
				PRODUCT_BUNDLE_IDENTIFIER = Hao.qnaeasyApp;
				PRODUCT_NAME = "$(TARGET_NAME)";
				SWIFT_VERSION = 4.0;
				TARGETED_DEVICE_FAMILY = "1,2";
			};
			name = Debug;
		};
		195FC02E1F5E67CC00A83AA8 /* Release */ = {
			isa = XCBuildConfiguration;
			buildSettings = {
				ASSETCATALOG_COMPILER_APPICON_NAME = AppIcon;
				CODE_SIGN_STYLE = Automatic;
				DEVELOPMENT_TEAM = 2MFNG897SQ;
				INFOPLIST_FILE = qnaeasyApp/Info.plist;
				LD_RUNPATH_SEARCH_PATHS = "$(inherited) @executable_path/Frameworks";
				PRODUCT_BUNDLE_IDENTIFIER = Hao.qnaeasyApp;
				PRODUCT_NAME = "$(TARGET_NAME)";
				SWIFT_VERSION = 4.0;
				TARGETED_DEVICE_FAMILY = "1,2";
			};
			name = Release;
		};
		195FC0301F5E67CC00A83AA8 /* Debug */ = {
			isa = XCBuildConfiguration;
			buildSettings = {
				ALWAYS_EMBED_SWIFT_STANDARD_LIBRARIES = YES;
				BUNDLE_LOADER = "$(TEST_HOST)";
				CODE_SIGN_STYLE = Automatic;
				DEVELOPMENT_TEAM = 2MFNG897SQ;
				INFOPLIST_FILE = qnaeasyAppTests/Info.plist;
				LD_RUNPATH_SEARCH_PATHS = "$(inherited) @executable_path/Frameworks @loader_path/Frameworks";
				PRODUCT_BUNDLE_IDENTIFIER = Hao.qnaeasyAppTests;
				PRODUCT_NAME = "$(TARGET_NAME)";
				SWIFT_VERSION = 4.0;
				TARGETED_DEVICE_FAMILY = "1,2";
				TEST_HOST = "$(BUILT_PRODUCTS_DIR)/qnaeasyApp.app/qnaeasyApp";
			};
			name = Debug;
		};
		195FC0311F5E67CC00A83AA8 /* Release */ = {
			isa = XCBuildConfiguration;
			buildSettings = {
				ALWAYS_EMBED_SWIFT_STANDARD_LIBRARIES = YES;
				BUNDLE_LOADER = "$(TEST_HOST)";
				CODE_SIGN_STYLE = Automatic;
				DEVELOPMENT_TEAM = 2MFNG897SQ;
				INFOPLIST_FILE = qnaeasyAppTests/Info.plist;
				LD_RUNPATH_SEARCH_PATHS = "$(inherited) @executable_path/Frameworks @loader_path/Frameworks";
				PRODUCT_BUNDLE_IDENTIFIER = Hao.qnaeasyAppTests;
				PRODUCT_NAME = "$(TARGET_NAME)";
				SWIFT_VERSION = 4.0;
				TARGETED_DEVICE_FAMILY = "1,2";
				TEST_HOST = "$(BUILT_PRODUCTS_DIR)/qnaeasyApp.app/qnaeasyApp";
			};
			name = Release;
		};
		195FC0331F5E67CC00A83AA8 /* Debug */ = {
			isa = XCBuildConfiguration;
			buildSettings = {
				ALWAYS_EMBED_SWIFT_STANDARD_LIBRARIES = YES;
				CODE_SIGN_STYLE = Automatic;
				DEVELOPMENT_TEAM = 2MFNG897SQ;
				INFOPLIST_FILE = qnaeasyAppUITests/Info.plist;
				LD_RUNPATH_SEARCH_PATHS = "$(inherited) @executable_path/Frameworks @loader_path/Frameworks";
				PRODUCT_BUNDLE_IDENTIFIER = Hao.qnaeasyAppUITests;
				PRODUCT_NAME = "$(TARGET_NAME)";
				SWIFT_VERSION = 4.0;
				TARGETED_DEVICE_FAMILY = "1,2";
				TEST_TARGET_NAME = qnaeasyApp;
			};
			name = Debug;
		};
		195FC0341F5E67CC00A83AA8 /* Release */ = {
			isa = XCBuildConfiguration;
			buildSettings = {
				ALWAYS_EMBED_SWIFT_STANDARD_LIBRARIES = YES;
				CODE_SIGN_STYLE = Automatic;
				DEVELOPMENT_TEAM = 2MFNG897SQ;
				INFOPLIST_FILE = qnaeasyAppUITests/Info.plist;
				LD_RUNPATH_SEARCH_PATHS = "$(inherited) @executable_path/Frameworks @loader_path/Frameworks";
				PRODUCT_BUNDLE_IDENTIFIER = Hao.qnaeasyAppUITests;
				PRODUCT_NAME = "$(TARGET_NAME)";
				SWIFT_VERSION = 4.0;
				TARGETED_DEVICE_FAMILY = "1,2";
				TEST_TARGET_NAME = qnaeasyApp;
			};
			name = Release;
		};
/* End XCBuildConfiguration section */

/* Begin XCConfigurationList section */
		195FBFFF1F5E67CC00A83AA8 /* Build configuration list for PBXProject "qnaeasyApp" */ = {
			isa = XCConfigurationList;
			buildConfigurations = (
				195FC02A1F5E67CC00A83AA8 /* Debug */,
				195FC02B1F5E67CC00A83AA8 /* Release */,
			);
			defaultConfigurationIsVisible = 0;
			defaultConfigurationName = Release;
		};
		195FC02C1F5E67CC00A83AA8 /* Build configuration list for PBXNativeTarget "qnaeasyApp" */ = {
			isa = XCConfigurationList;
			buildConfigurations = (
				195FC02D1F5E67CC00A83AA8 /* Debug */,
				195FC02E1F5E67CC00A83AA8 /* Release */,
			);
			defaultConfigurationIsVisible = 0;
			defaultConfigurationName = Release;
		};
		195FC02F1F5E67CC00A83AA8 /* Build configuration list for PBXNativeTarget "qnaeasyAppTests" */ = {
			isa = XCConfigurationList;
			buildConfigurations = (
				195FC0301F5E67CC00A83AA8 /* Debug */,
				195FC0311F5E67CC00A83AA8 /* Release */,
			);
			defaultConfigurationIsVisible = 0;
			defaultConfigurationName = Release;
		};
		195FC0321F5E67CC00A83AA8 /* Build configuration list for PBXNativeTarget "qnaeasyAppUITests" */ = {
			isa = XCConfigurationList;
			buildConfigurations = (
				195FC0331F5E67CC00A83AA8 /* Debug */,
				195FC0341F5E67CC00A83AA8 /* Release */,
			);
			defaultConfigurationIsVisible = 0;
			defaultConfigurationName = Release;
		};
/* End XCConfigurationList section */
	};
	rootObject = 195FBFFC1F5E67CC00A83AA8 /* Project object */;
}
